// !$*UTF8*$!
{
	archiveVersion = 1;
	classes = {
	};
	objectVersion = 51;
	objects = {

/* Begin PBXBuildFile section */
		698A805D249D60F100759C85 /* AppDelegate.swift in Sources */ = {isa = PBXBuildFile; fileRef = 698A805C249D60F100759C85 /* AppDelegate.swift */; };
		698A805F249D60F100759C85 /* SceneDelegate.swift in Sources */ = {isa = PBXBuildFile; fileRef = 698A805E249D60F100759C85 /* SceneDelegate.swift */; };
		698A8061249D60F100759C85 /* DetailsViewController.swift in Sources */ = {isa = PBXBuildFile; fileRef = 698A8060249D60F100759C85 /* DetailsViewController.swift */; };
		698A8064249D60F100759C85 /* Main.storyboard in Resources */ = {isa = PBXBuildFile; fileRef = 698A8062249D60F100759C85 /* Main.storyboard */; };
		698A8066249D60F400759C85 /* Assets.xcassets in Resources */ = {isa = PBXBuildFile; fileRef = 698A8065249D60F400759C85 /* Assets.xcassets */; };
		698A8069249D60F400759C85 /* LaunchScreen.storyboard in Resources */ = {isa = PBXBuildFile; fileRef = 698A8067249D60F400759C85 /* LaunchScreen.storyboard */; };
		698A8071249D617900759C85 /* Model.swift in Sources */ = {isa = PBXBuildFile; fileRef = 698A8070249D617900759C85 /* Model.swift */; };
		698A8073249D675100759C85 /* NetworkManager.swift in Sources */ = {isa = PBXBuildFile; fileRef = 698A8072249D675100759C85 /* NetworkManager.swift */; };
		69A0627C249DA19800E0404E /* ListTableViewController.swift in Sources */ = {isa = PBXBuildFile; fileRef = 69A0627B249DA19800E0404E /* ListTableViewController.swift */; };
		99D35021442A26A7CEBE8A0D /* Pods_vitata_HW2_11.framework in Frameworks */ = {isa = PBXBuildFile; fileRef = 85E66A011DCE1CC7985C3514 /* Pods_vitata_HW2_11.framework */; };
/* End PBXBuildFile section */

/* Begin PBXFileReference section */
		272BDA59242FD5A8BA51D4A8 /* Pods-vitata_HW2.11.debug.xcconfig */ = {isa = PBXFileReference; includeInIndex = 1; lastKnownFileType = text.xcconfig; name = "Pods-vitata_HW2.11.debug.xcconfig"; path = "Target Support Files/Pods-vitata_HW2.11/Pods-vitata_HW2.11.debug.xcconfig"; sourceTree = "<group>"; };
		35A40729FB90418E2A90B836 /* Pods-vitata_HW2.11.release.xcconfig */ = {isa = PBXFileReference; includeInIndex = 1; lastKnownFileType = text.xcconfig; name = "Pods-vitata_HW2.11.release.xcconfig"; path = "Target Support Files/Pods-vitata_HW2.11/Pods-vitata_HW2.11.release.xcconfig"; sourceTree = "<group>"; };
		698A8059249D60F100759C85 /* vitata_HW2.11.app */ = {isa = PBXFileReference; explicitFileType = wrapper.application; includeInIndex = 0; path = vitata_HW2.11.app; sourceTree = BUILT_PRODUCTS_DIR; };
		698A805C249D60F100759C85 /* AppDelegate.swift */ = {isa = PBXFileReference; lastKnownFileType = sourcecode.swift; path = AppDelegate.swift; sourceTree = "<group>"; };
		698A805E249D60F100759C85 /* SceneDelegate.swift */ = {isa = PBXFileReference; lastKnownFileType = sourcecode.swift; path = SceneDelegate.swift; sourceTree = "<group>"; };
		698A8060249D60F100759C85 /* DetailsViewController.swift */ = {isa = PBXFileReference; lastKnownFileType = sourcecode.swift; path = DetailsViewController.swift; sourceTree = "<group>"; };
		698A8063249D60F100759C85 /* Base */ = {isa = PBXFileReference; lastKnownFileType = file.storyboard; name = Base; path = Base.lproj/Main.storyboard; sourceTree = "<group>"; };
		698A8065249D60F400759C85 /* Assets.xcassets */ = {isa = PBXFileReference; lastKnownFileType = folder.assetcatalog; path = Assets.xcassets; sourceTree = "<group>"; };
		698A8068249D60F400759C85 /* Base */ = {isa = PBXFileReference; lastKnownFileType = file.storyboard; name = Base; path = Base.lproj/LaunchScreen.storyboard; sourceTree = "<group>"; };
		698A806A249D60F400759C85 /* Info.plist */ = {isa = PBXFileReference; lastKnownFileType = text.plist.xml; path = Info.plist; sourceTree = "<group>"; };
		698A8070249D617900759C85 /* Model.swift */ = {isa = PBXFileReference; lastKnownFileType = sourcecode.swift; path = Model.swift; sourceTree = "<group>"; };
		698A8072249D675100759C85 /* NetworkManager.swift */ = {isa = PBXFileReference; lastKnownFileType = sourcecode.swift; path = NetworkManager.swift; sourceTree = "<group>"; };
		69A0627B249DA19800E0404E /* ListTableViewController.swift */ = {isa = PBXFileReference; lastKnownFileType = sourcecode.swift; path = ListTableViewController.swift; sourceTree = "<group>"; };
		85E66A011DCE1CC7985C3514 /* Pods_vitata_HW2_11.framework */ = {isa = PBXFileReference; explicitFileType = wrapper.framework; includeInIndex = 0; path = Pods_vitata_HW2_11.framework; sourceTree = BUILT_PRODUCTS_DIR; };
/* End PBXFileReference section */

/* Begin PBXFrameworksBuildPhase section */
		698A8056249D60F100759C85 /* Frameworks */ = {
			isa = PBXFrameworksBuildPhase;
			buildActionMask = 2147483647;
			files = (
				99D35021442A26A7CEBE8A0D /* Pods_vitata_HW2_11.framework in Frameworks */,
			);
			runOnlyForDeploymentPostprocessing = 0;
		};
/* End PBXFrameworksBuildPhase section */

/* Begin PBXGroup section */
		48DFAAE0277379D1BB70156A /* Pods */ = {
			isa = PBXGroup;
			children = (
				272BDA59242FD5A8BA51D4A8 /* Pods-vitata_HW2.11.debug.xcconfig */,
				35A40729FB90418E2A90B836 /* Pods-vitata_HW2.11.release.xcconfig */,
			);
			path = Pods;
			sourceTree = "<group>";
		};
		698A8050249D60F100759C85 = {
			isa = PBXGroup;
			children = (
				698A805B249D60F100759C85 /* vitata_HW2.11 */,
				698A805A249D60F100759C85 /* Products */,
				48DFAAE0277379D1BB70156A /* Pods */,
				BB173F7685FEC6ED089EB3CA /* Frameworks */,
			);
			sourceTree = "<group>";
		};
		698A805A249D60F100759C85 /* Products */ = {
			isa = PBXGroup;
			children = (
				698A8059249D60F100759C85 /* vitata_HW2.11.app */,
			);
			name = Products;
			sourceTree = "<group>";
		};
		698A805B249D60F100759C85 /* vitata_HW2.11 */ = {
			isa = PBXGroup;
			children = (
				69A0627D249DA1B700E0404E /* ViewControllers */,
				69A0627E249DA1C200E0404E /* Storyboards */,
				69A06281249DA1F000E0404E /* Network */,
				69A06282249DA1F700E0404E /* Model */,
				69A06280249DA1D600E0404E /* SupportingFiles */,
				69A0627F249DA1CC00E0404E /* Resources */,
			);
			path = vitata_HW2.11;
			sourceTree = "<group>";
		};
		69A0627D249DA1B700E0404E /* ViewControllers */ = {
			isa = PBXGroup;
			children = (
				698A8060249D60F100759C85 /* DetailsViewController.swift */,
				69A0627B249DA19800E0404E /* ListTableViewController.swift */,
			);
			path = ViewControllers;
			sourceTree = "<group>";
		};
		69A0627E249DA1C200E0404E /* Storyboards */ = {
			isa = PBXGroup;
			children = (
				698A8062249D60F100759C85 /* Main.storyboard */,
				698A8067249D60F400759C85 /* LaunchScreen.storyboard */,
			);
			path = Storyboards;
			sourceTree = "<group>";
		};
		69A0627F249DA1CC00E0404E /* Resources */ = {
			isa = PBXGroup;
			children = (
				698A8065249D60F400759C85 /* Assets.xcassets */,
			);
			path = Resources;
			sourceTree = "<group>";
		};
		69A06280249DA1D600E0404E /* SupportingFiles */ = {
			isa = PBXGroup;
			children = (
				698A805C249D60F100759C85 /* AppDelegate.swift */,
				698A805E249D60F100759C85 /* SceneDelegate.swift */,
				698A806A249D60F400759C85 /* Info.plist */,
			);
			path = SupportingFiles;
			sourceTree = "<group>";
		};
		69A06281249DA1F000E0404E /* Network */ = {
			isa = PBXGroup;
			children = (
				698A8072249D675100759C85 /* NetworkManager.swift */,
			);
			path = Network;
			sourceTree = "<group>";
		};
		69A06282249DA1F700E0404E /* Model */ = {
			isa = PBXGroup;
			children = (
				698A8070249D617900759C85 /* Model.swift */,
			);
			path = Model;
			sourceTree = "<group>";
		};
		BB173F7685FEC6ED089EB3CA /* Frameworks */ = {
			isa = PBXGroup;
			children = (
				85E66A011DCE1CC7985C3514 /* Pods_vitata_HW2_11.framework */,
			);
			name = Frameworks;
			sourceTree = "<group>";
		};
/* End PBXGroup section */

/* Begin PBXNativeTarget section */
		698A8058249D60F100759C85 /* vitata_HW2.11 */ = {
			isa = PBXNativeTarget;
			buildConfigurationList = 698A806D249D60F400759C85 /* Build configuration list for PBXNativeTarget "vitata_HW2.11" */;
			buildPhases = (
				06A771CB0BA1C0CE855E8FFD /* [CP] Check Pods Manifest.lock */,
				698A8055249D60F100759C85 /* Sources */,
				698A8056249D60F100759C85 /* Frameworks */,
				698A8057249D60F100759C85 /* Resources */,
				368029045A4C0EA1D7D5FF27 /* [CP] Embed Pods Frameworks */,
			);
			buildRules = (
			);
			dependencies = (
			);
			name = vitata_HW2.11;
			productName = vitata_HW2.10;
			productReference = 698A8059249D60F100759C85 /* vitata_HW2.11.app */;
			productType = "com.apple.product-type.application";
		};
/* End PBXNativeTarget section */

/* Begin PBXProject section */
		698A8051249D60F100759C85 /* Project object */ = {
			isa = PBXProject;
			attributes = {
				LastSwiftUpdateCheck = 1150;
				LastUpgradeCheck = 1200;
				ORGANIZATIONNAME = "APNET HQ LLC";
				TargetAttributes = {
					698A8058249D60F100759C85 = {
						CreatedOnToolsVersion = 11.5;
					};
				};
			};
			buildConfigurationList = 698A8054249D60F100759C85 /* Build configuration list for PBXProject "vitata_HW2.11" */;
			compatibilityVersion = "Xcode 9.3";
			developmentRegion = en;
			hasScannedForEncodings = 0;
			knownRegions = (
				en,
				Base,
			);
			mainGroup = 698A8050249D60F100759C85;
			productRefGroup = 698A805A249D60F100759C85 /* Products */;
			projectDirPath = "";
			projectRoot = "";
			targets = (
				698A8058249D60F100759C85 /* vitata_HW2.11 */,
			);
		};
/* End PBXProject section */

/* Begin PBXResourcesBuildPhase section */
		698A8057249D60F100759C85 /* Resources */ = {
			isa = PBXResourcesBuildPhase;
			buildActionMask = 2147483647;
			files = (
				698A8069249D60F400759C85 /* LaunchScreen.storyboard in Resources */,
				698A8066249D60F400759C85 /* Assets.xcassets in Resources */,
				698A8064249D60F100759C85 /* Main.storyboard in Resources */,
			);
			runOnlyForDeploymentPostprocessing = 0;
		};
/* End PBXResourcesBuildPhase section */

/* Begin PBXShellScriptBuildPhase section */
		06A771CB0BA1C0CE855E8FFD /* [CP] Check Pods Manifest.lock */ = {
			isa = PBXShellScriptBuildPhase;
			buildActionMask = 2147483647;
			files = (
			);
			inputFileListPaths = (
			);
			inputPaths = (
				"${PODS_PODFILE_DIR_PATH}/Podfile.lock",
				"${PODS_ROOT}/Manifest.lock",
			);
			name = "[CP] Check Pods Manifest.lock";
			outputFileListPaths = (
			);
			outputPaths = (
				"$(DERIVED_FILE_DIR)/Pods-vitata_HW2.11-checkManifestLockResult.txt",
			);
			runOnlyForDeploymentPostprocessing = 0;
			shellPath = /bin/sh;
			shellScript = "diff \"${PODS_PODFILE_DIR_PATH}/Podfile.lock\" \"${PODS_ROOT}/Manifest.lock\" > /dev/null\nif [ $? != 0 ] ; then\n    # print error to STDERR\n    echo \"error: The sandbox is not in sync with the Podfile.lock. Run 'pod install' or update your CocoaPods installation.\" >&2\n    exit 1\nfi\n# This output is used by Xcode 'outputs' to avoid re-running this script phase.\necho \"SUCCESS\" > \"${SCRIPT_OUTPUT_FILE_0}\"\n";
			showEnvVarsInLog = 0;
		};
		368029045A4C0EA1D7D5FF27 /* [CP] Embed Pods Frameworks */ = {
			isa = PBXShellScriptBuildPhase;
			buildActionMask = 2147483647;
			files = (
			);
			inputFileListPaths = (
				"${PODS_ROOT}/Target Support Files/Pods-vitata_HW2.11/Pods-vitata_HW2.11-frameworks-${CONFIGURATION}-input-files.xcfilelist",
			);
			name = "[CP] Embed Pods Frameworks";
			outputFileListPaths = (
				"${PODS_ROOT}/Target Support Files/Pods-vitata_HW2.11/Pods-vitata_HW2.11-frameworks-${CONFIGURATION}-output-files.xcfilelist",
			);
			runOnlyForDeploymentPostprocessing = 0;
			shellPath = /bin/sh;
			shellScript = "\"${PODS_ROOT}/Target Support Files/Pods-vitata_HW2.11/Pods-vitata_HW2.11-frameworks.sh\"\n";
			showEnvVarsInLog = 0;
		};
/* End PBXShellScriptBuildPhase section */

/* Begin PBXSourcesBuildPhase section */
		698A8055249D60F100759C85 /* Sources */ = {
			isa = PBXSourcesBuildPhase;
			buildActionMask = 2147483647;
			files = (
				698A8061249D60F100759C85 /* DetailsViewController.swift in Sources */,
				698A805D249D60F100759C85 /* AppDelegate.swift in Sources */,
				698A8073249D675100759C85 /* NetworkManager.swift in Sources */,
				69A0627C249DA19800E0404E /* ListTableViewController.swift in Sources */,
				698A805F249D60F100759C85 /* SceneDelegate.swift in Sources */,
				698A8071249D617900759C85 /* Model.swift in Sources */,
			);
			runOnlyForDeploymentPostprocessing = 0;
		};
/* End PBXSourcesBuildPhase section */

/* Begin PBXVariantGroup section */
		698A8062249D60F100759C85 /* Main.storyboard */ = {
			isa = PBXVariantGroup;
			children = (
				698A8063249D60F100759C85 /* Base */,
			);
			name = Main.storyboard;
			sourceTree = "<group>";
		};
		698A8067249D60F400759C85 /* LaunchScreen.storyboard */ = {
			isa = PBXVariantGroup;
			children = (
				698A8068249D60F400759C85 /* Base */,
			);
			name = LaunchScreen.storyboard;
			sourceTree = "<group>";
		};
/* End PBXVariantGroup section */

/* Begin XCBuildConfiguration section */
		698A806B249D60F400759C85 /* Debug */ = {
			isa = XCBuildConfiguration;
			buildSettings = {
				ALWAYS_SEARCH_USER_PATHS = NO;
				CLANG_ANALYZER_NONNULL = YES;
				CLANG_ANALYZER_NUMBER_OBJECT_CONVERSION = YES_AGGRESSIVE;
				CLANG_CXX_LANGUAGE_STANDARD = "gnu++14";
				CLANG_CXX_LIBRARY = "libc++";
				CLANG_ENABLE_MODULES = YES;
				CLANG_ENABLE_OBJC_ARC = YES;
				CLANG_ENABLE_OBJC_WEAK = YES;
				CLANG_WARN_BLOCK_CAPTURE_AUTORELEASING = YES;
				CLANG_WARN_BOOL_CONVERSION = YES;
				CLANG_WARN_COMMA = YES;
				CLANG_WARN_CONSTANT_CONVERSION = YES;
				CLANG_WARN_DEPRECATED_OBJC_IMPLEMENTATIONS = YES;
				CLANG_WARN_DIRECT_OBJC_ISA_USAGE = YES_ERROR;
				CLANG_WARN_DOCUMENTATION_COMMENTS = YES;
				CLANG_WARN_EMPTY_BODY = YES;
				CLANG_WARN_ENUM_CONVERSION = YES;
				CLANG_WARN_INFINITE_RECURSION = YES;
				CLANG_WARN_INT_CONVERSION = YES;
				CLANG_WARN_NON_LITERAL_NULL_CONVERSION = YES;
				CLANG_WARN_OBJC_IMPLICIT_RETAIN_SELF = YES;
				CLANG_WARN_OBJC_LITERAL_CONVERSION = YES;
				CLANG_WARN_OBJC_ROOT_CLASS = YES_ERROR;
				CLANG_WARN_QUOTED_INCLUDE_IN_FRAMEWORK_HEADER = YES;
				CLANG_WARN_RANGE_LOOP_ANALYSIS = YES;
				CLANG_WARN_STRICT_PROTOTYPES = YES;
				CLANG_WARN_SUSPICIOUS_MOVE = YES;
				CLANG_WARN_UNGUARDED_AVAILABILITY = YES_AGGRESSIVE;
				CLANG_WARN_UNREACHABLE_CODE = YES;
				CLANG_WARN__DUPLICATE_METHOD_MATCH = YES;
				COPY_PHASE_STRIP = NO;
				DEBUG_INFORMATION_FORMAT = dwarf;
				ENABLE_STRICT_OBJC_MSGSEND = YES;
				ENABLE_TESTABILITY = YES;
				GCC_C_LANGUAGE_STANDARD = gnu11;
				GCC_DYNAMIC_NO_PIC = NO;
				GCC_NO_COMMON_BLOCKS = YES;
				GCC_OPTIMIZATION_LEVEL = 0;
				GCC_PREPROCESSOR_DEFINITIONS = (
					"DEBUG=1",
					"$(inherited)",
				);
				GCC_WARN_64_TO_32_BIT_CONVERSION = YES;
				GCC_WARN_ABOUT_RETURN_TYPE = YES_ERROR;
				GCC_WARN_UNDECLARED_SELECTOR = YES;
				GCC_WARN_UNINITIALIZED_AUTOS = YES_AGGRESSIVE;
				GCC_WARN_UNUSED_FUNCTION = YES;
				GCC_WARN_UNUSED_VARIABLE = YES;
				IPHONEOS_DEPLOYMENT_TARGET = 13.5;
				MTL_ENABLE_DEBUG_INFO = INCLUDE_SOURCE;
				MTL_FAST_MATH = YES;
				ONLY_ACTIVE_ARCH = YES;
				SDKROOT = iphoneos;
				SWIFT_ACTIVE_COMPILATION_CONDITIONS = DEBUG;
				SWIFT_OPTIMIZATION_LEVEL = "-Onone";
			};
			name = Debug;
		};
		698A806C249D60F400759C85 /* Release */ = {
			isa = XCBuildConfiguration;
			buildSettings = {
				ALWAYS_SEARCH_USER_PATHS = NO;
				CLANG_ANALYZER_NONNULL = YES;
				CLANG_ANALYZER_NUMBER_OBJECT_CONVERSION = YES_AGGRESSIVE;
				CLANG_CXX_LANGUAGE_STANDARD = "gnu++14";
				CLANG_CXX_LIBRARY = "libc++";
				CLANG_ENABLE_MODULES = YES;
				CLANG_ENABLE_OBJC_ARC = YES;
				CLANG_ENABLE_OBJC_WEAK = YES;
				CLANG_WARN_BLOCK_CAPTURE_AUTORELEASING = YES;
				CLANG_WARN_BOOL_CONVERSION = YES;
				CLANG_WARN_COMMA = YES;
				CLANG_WARN_CONSTANT_CONVERSION = YES;
				CLANG_WARN_DEPRECATED_OBJC_IMPLEMENTATIONS = YES;
				CLANG_WARN_DIRECT_OBJC_ISA_USAGE = YES_ERROR;
				CLANG_WARN_DOCUMENTATION_COMMENTS = YES;
				CLANG_WARN_EMPTY_BODY = YES;
				CLANG_WARN_ENUM_CONVERSION = YES;
				CLANG_WARN_INFINITE_RECURSION = YES;
				CLANG_WARN_INT_CONVERSION = YES;
				CLANG_WARN_NON_LITERAL_NULL_CONVERSION = YES;
				CLANG_WARN_OBJC_IMPLICIT_RETAIN_SELF = YES;
				CLANG_WARN_OBJC_LITERAL_CONVERSION = YES;
				CLANG_WARN_OBJC_ROOT_CLASS = YES_ERROR;
				CLANG_WARN_QUOTED_INCLUDE_IN_FRAMEWORK_HEADER = YES;
				CLANG_WARN_RANGE_LOOP_ANALYSIS = YES;
				CLANG_WARN_STRICT_PROTOTYPES = YES;
				CLANG_WARN_SUSPICIOUS_MOVE = YES;
				CLANG_WARN_UNGUARDED_AVAILABILITY = YES_AGGRESSIVE;
				CLANG_WARN_UNREACHABLE_CODE = YES;
				CLANG_WARN__DUPLICATE_METHOD_MATCH = YES;
				COPY_PHASE_STRIP = NO;
				DEBUG_INFORMATION_FORMAT = "dwarf-with-dsym";
				ENABLE_NS_ASSERTIONS = NO;
				ENABLE_STRICT_OBJC_MSGSEND = YES;
				GCC_C_LANGUAGE_STANDARD = gnu11;
				GCC_NO_COMMON_BLOCKS = YES;
				GCC_WARN_64_TO_32_BIT_CONVERSION = YES;
				GCC_WARN_ABOUT_RETURN_TYPE = YES_ERROR;
				GCC_WARN_UNDECLARED_SELECTOR = YES;
				GCC_WARN_UNINITIALIZED_AUTOS = YES_AGGRESSIVE;
				GCC_WARN_UNUSED_FUNCTION = YES;
				GCC_WARN_UNUSED_VARIABLE = YES;
				IPHONEOS_DEPLOYMENT_TARGET = 13.5;
				MTL_ENABLE_DEBUG_INFO = NO;
				MTL_FAST_MATH = YES;
				SDKROOT = iphoneos;
				SWIFT_COMPILATION_MODE = wholemodule;
				SWIFT_OPTIMIZATION_LEVEL = "-O";
				VALIDATE_PRODUCT = YES;
			};
			name = Release;
		};
		698A806E249D60F400759C85 /* Debug */ = {
			isa = XCBuildConfiguration;
			baseConfigurationReference = 272BDA59242FD5A8BA51D4A8 /* Pods-vitata_HW2.11.debug.xcconfig */;
			buildSettings = {
				CODE_SIGN_STYLE = Automatic;
				DEVELOPMENT_TEAM = QZC579X3KH;
				INFOPLIST_FILE = vitata_HW2.11/SupportingFiles/Info.plist;
				LD_RUNPATH_SEARCH_PATHS = (
					"$(inherited)",
					"@executable_path/Frameworks",
				);
				PRODUCT_BUNDLE_IDENTIFIER = "apnet.vitata-HW2-11";
				PRODUCT_NAME = vitata_HW2.11;
				SWIFT_VERSION = 5.0;
				TARGETED_DEVICE_FAMILY = 1;
			};
			name = Debug;
		};
		698A806F249D60F400759C85 /* Release */ = {
			isa = XCBuildConfiguration;
			baseConfigurationReference = 35A40729FB90418E2A90B836 /* Pods-vitata_HW2.11.release.xcconfig */;
			buildSettings = {
				CODE_SIGN_STYLE = Automatic;
				DEVELOPMENT_TEAM = QZC579X3KH;
				INFOPLIST_FILE = vitata_HW2.11/SupportingFiles/Info.plist;
				LD_RUNPATH_SEARCH_PATHS = (
					"$(inherited)",
					"@executable_path/Frameworks",
				);
				PRODUCT_BUNDLE_IDENTIFIER = "apnet.vitata-HW2-11";
				PRODUCT_NAME = vitata_HW2.11;
				SWIFT_VERSION = 5.0;
				TARGETED_DEVICE_FAMILY = 1;
			};
			name = Release;
		};
/* End XCBuildConfiguration section */

/* Begin XCConfigurationList section */
		698A8054249D60F100759C85 /* Build configuration list for PBXProject "vitata_HW2.11" */ = {
			isa = XCConfigurationList;
			buildConfigurations = (
				698A806B249D60F400759C85 /* Debug */,
				698A806C249D60F400759C85 /* Release */,
			);
			defaultConfigurationIsVisible = 0;
			defaultConfigurationName = Release;
		};
		698A806D249D60F400759C85 /* Build configuration list for PBXNativeTarget "vitata_HW2.11" */ = {
			isa = XCConfigurationList;
			buildConfigurations = (
				698A806E249D60F400759C85 /* Debug */,
				698A806F249D60F400759C85 /* Release */,
			);
			defaultConfigurationIsVisible = 0;
			defaultConfigurationName = Release;
		};
/* End XCConfigurationList section */
	};
	rootObject = 698A8051249D60F100759C85 /* Project object */;
}
